
Microsoft Visual Studio Solution File, Format Version 12.00
# Visual Studio Version 17
VisualStudioVersion = 17.3.32825.248
MinimumVisualStudioVersion = 10.0.40219.1
Project("{FAE04EC0-301F-11D3-BF4B-00C04F79EFBC}") = "HomeWork9", "HomeWork9\HomeWork9.csproj", "{DAD9DDFB-43C4-4623-A003-499495DD3C6B}"
EndProject
Project("{FAE04EC0-301F-11D3-BF4B-00C04F79EFBC}") = "Tumakov10", "Tumakov10\Tumakov10.csproj", "{13805510-B41F-4317-A813-D6F41EC4B651}"
EndProject
Global
	GlobalSection(SolutionConfigurationPlatforms) = preSolution
		Debug|Any CPU = Debug|Any CPU
		Release|Any CPU = Release|Any CPU
	EndGlobalSection
	GlobalSection(ProjectConfigurationPlatforms) = postSolution
		{DAD9DDFB-43C4-4623-A003-499495DD3C6B}.Debug|Any CPU.ActiveCfg = Debug|Any CPU
		{DAD9DDFB-43C4-4623-A003-499495DD3C6B}.Debug|Any CPU.Build.0 = Debug|Any CPU
		{DAD9DDFB-43C4-4623-A003-499495DD3C6B}.Release|Any CPU.ActiveCfg = Release|Any CPU
		{DAD9DDFB-43C4-4623-A003-499495DD3C6B}.Release|Any CPU.Build.0 = Release|Any CPU
		{13805510-B41F-4317-A813-D6F41EC4B651}.Debug|Any CPU.ActiveCfg = Debug|Any CPU
		{13805510-B41F-4317-A813-D6F41EC4B651}.Debug|Any CPU.Build.0 = Debug|Any CPU
		{13805510-B41F-4317-A813-D6F41EC4B651}.Release|Any CPU.ActiveCfg = Release|Any CPU
		{13805510-B41F-4317-A813-D6F41EC4B651}.Release|Any CPU.Build.0 = Release|Any CPU
	EndGlobalSection
	GlobalSection(SolutionProperties) = preSolution
		HideSolutionNode = FALSE
	EndGlobalSection
	GlobalSection(ExtensibilityGlobals) = postSolution
		SolutionGuid = {4651A300-7EA9-42E8-986A-D61FEE8A2C34}
	EndGlobalSection
EndGlobal
